
Microsoft Visual Studio Solution File, Format Version 12.00
# Visual Studio Version 17
VisualStudioVersion = 17.0.32126.317
MinimumVisualStudioVersion = 10.0.40219.1
Project("{FAE04EC0-301F-11D3-BF4B-00C04F79EFBC}") = "LINQ", "LINQ\LINQ.csproj", "{DF237968-F1BC-47F4-9BD0-687E0BE068F0}"
EndProject
Global
	GlobalSection(SolutionConfigurationPlatforms) = preSolution
		Debug|Any CPU = Debug|Any CPU
		Release|Any CPU = Release|Any CPU
	EndGlobalSection
	GlobalSection(ProjectConfigurationPlatforms) = postSolution
		{DF237968-F1BC-47F4-9BD0-687E0BE068F0}.Debug|Any CPU.ActiveCfg = Debug|Any CPU
		{DF237968-F1BC-47F4-9BD0-687E0BE068F0}.Debug|Any CPU.Build.0 = Debug|Any CPU
		{DF237968-F1BC-47F4-9BD0-687E0BE068F0}.Release|Any CPU.ActiveCfg = Release|Any CPU
		{DF237968-F1BC-47F4-9BD0-687E0BE068F0}.Release|Any CPU.Build.0 = Release|Any CPU
	EndGlobalSection
	GlobalSection(SolutionProperties) = preSolution
		HideSolutionNode = FALSE
	EndGlobalSection
	GlobalSection(ExtensibilityGlobals) = postSolution
		SolutionGuid = {73F811F0-93F9-40BC-BE5D-D1F0669995E6}
	EndGlobalSection
EndGlobal
