
Microsoft Visual Studio Solution File, Format Version 12.00
# Visual Studio Version 17
VisualStudioVersion = 17.0.32126.317
MinimumVisualStudioVersion = 10.0.40219.1
Project("{FAE04EC0-301F-11D3-BF4B-00C04F79EFBC}") = "Exercise 31", "Exercise 31\Exercise 31.csproj", "{D1D29675-B773-4492-BD81-CCF5C2E0E249}"
EndProject
Global
	GlobalSection(SolutionConfigurationPlatforms) = preSolution
		Debug|Any CPU = Debug|Any CPU
		Release|Any CPU = Release|Any CPU
	EndGlobalSection
	GlobalSection(ProjectConfigurationPlatforms) = postSolution
		{D1D29675-B773-4492-BD81-CCF5C2E0E249}.Debug|Any CPU.ActiveCfg = Debug|Any CPU
		{D1D29675-B773-4492-BD81-CCF5C2E0E249}.Debug|Any CPU.Build.0 = Debug|Any CPU
		{D1D29675-B773-4492-BD81-CCF5C2E0E249}.Release|Any CPU.ActiveCfg = Release|Any CPU
		{D1D29675-B773-4492-BD81-CCF5C2E0E249}.Release|Any CPU.Build.0 = Release|Any CPU
	EndGlobalSection
	GlobalSection(SolutionProperties) = preSolution
		HideSolutionNode = FALSE
	EndGlobalSection
	GlobalSection(ExtensibilityGlobals) = postSolution
		SolutionGuid = {033448DF-9230-4F9F-9A00-762560FB1F44}
	EndGlobalSection
EndGlobal
