
Microsoft Visual Studio Solution File, Format Version 12.00
# Visual Studio Version 17
VisualStudioVersion = 17.0.32126.317
MinimumVisualStudioVersion = 10.0.40219.1
Project("{FAE04EC0-301F-11D3-BF4B-00C04F79EFBC}") = "Exercise 46 (Triangle Class)", "Exercise 46 (Triangle Class)\Exercise 46 (Triangle Class).csproj", "{1D4CB9DD-20FA-4CF8-AB1A-D41475CC8BFC}"
EndProject
Global
	GlobalSection(SolutionConfigurationPlatforms) = preSolution
		Debug|Any CPU = Debug|Any CPU
		Release|Any CPU = Release|Any CPU
	EndGlobalSection
	GlobalSection(ProjectConfigurationPlatforms) = postSolution
		{1D4CB9DD-20FA-4CF8-AB1A-D41475CC8BFC}.Debug|Any CPU.ActiveCfg = Debug|Any CPU
		{1D4CB9DD-20FA-4CF8-AB1A-D41475CC8BFC}.Debug|Any CPU.Build.0 = Debug|Any CPU
		{1D4CB9DD-20FA-4CF8-AB1A-D41475CC8BFC}.Release|Any CPU.ActiveCfg = Release|Any CPU
		{1D4CB9DD-20FA-4CF8-AB1A-D41475CC8BFC}.Release|Any CPU.Build.0 = Release|Any CPU
	EndGlobalSection
	GlobalSection(SolutionProperties) = preSolution
		HideSolutionNode = FALSE
	EndGlobalSection
	GlobalSection(ExtensibilityGlobals) = postSolution
		SolutionGuid = {DEBB61C0-8548-4AEA-B7C9-6D896669CEB7}
	EndGlobalSection
EndGlobal
