
Microsoft Visual Studio Solution File, Format Version 12.00
# Visual Studio Version 16
VisualStudioVersion = 16.0.32106.194
MinimumVisualStudioVersion = 10.0.40219.1
Project("{FAE04EC0-301F-11D3-BF4B-00C04F79EFBC}") = "Calculator", "Calculator.csproj", "{C45CEBB9-4E15-42C1-AB46-FBFEFCBFD341}"
EndProject
Global
	GlobalSection(SolutionConfigurationPlatforms) = preSolution
		Debug|Any CPU = Debug|Any CPU
		Release|Any CPU = Release|Any CPU
	EndGlobalSection
	GlobalSection(ProjectConfigurationPlatforms) = postSolution
		{C45CEBB9-4E15-42C1-AB46-FBFEFCBFD341}.Debug|Any CPU.ActiveCfg = Debug|Any CPU
		{C45CEBB9-4E15-42C1-AB46-FBFEFCBFD341}.Debug|Any CPU.Build.0 = Debug|Any CPU
		{C45CEBB9-4E15-42C1-AB46-FBFEFCBFD341}.Release|Any CPU.ActiveCfg = Release|Any CPU
		{C45CEBB9-4E15-42C1-AB46-FBFEFCBFD341}.Release|Any CPU.Build.0 = Release|Any CPU
	EndGlobalSection
	GlobalSection(SolutionProperties) = preSolution
		HideSolutionNode = FALSE
	EndGlobalSection
	GlobalSection(ExtensibilityGlobals) = postSolution
		SolutionGuid = {8056755E-66CC-497E-A68B-A622EF6342E2}
	EndGlobalSection
EndGlobal
