
Microsoft Visual Studio Solution File, Format Version 12.00
# Visual Studio Version 17
VisualStudioVersion = 17.0.32014.148
MinimumVisualStudioVersion = 10.0.40219.1
Project("{9A19103F-16F7-4668-BE54-9A1E7A4F7556}") = "LibraryApp", "LibraryApp\LibraryApp.csproj", "{6A7599DB-F2D5-4E2C-8D75-6BFD837D19C9}"
EndProject
Project("{9A19103F-16F7-4668-BE54-9A1E7A4F7556}") = "LibraryAppTests", "LibrarayAppTests\LibraryAppTests.csproj", "{A2409773-5AE3-467D-BF01-ED896C8A78EC}"
EndProject
Global
	GlobalSection(SolutionConfigurationPlatforms) = preSolution
		Debug|Any CPU = Debug|Any CPU
		Release|Any CPU = Release|Any CPU
	EndGlobalSection
	GlobalSection(ProjectConfigurationPlatforms) = postSolution
		{6A7599DB-F2D5-4E2C-8D75-6BFD837D19C9}.Debug|Any CPU.ActiveCfg = Debug|Any CPU
		{6A7599DB-F2D5-4E2C-8D75-6BFD837D19C9}.Debug|Any CPU.Build.0 = Debug|Any CPU
		{6A7599DB-F2D5-4E2C-8D75-6BFD837D19C9}.Release|Any CPU.ActiveCfg = Release|Any CPU
		{6A7599DB-F2D5-4E2C-8D75-6BFD837D19C9}.Release|Any CPU.Build.0 = Release|Any CPU
		{A2409773-5AE3-467D-BF01-ED896C8A78EC}.Debug|Any CPU.ActiveCfg = Debug|Any CPU
		{A2409773-5AE3-467D-BF01-ED896C8A78EC}.Debug|Any CPU.Build.0 = Debug|Any CPU
		{A2409773-5AE3-467D-BF01-ED896C8A78EC}.Release|Any CPU.ActiveCfg = Release|Any CPU
		{A2409773-5AE3-467D-BF01-ED896C8A78EC}.Release|Any CPU.Build.0 = Release|Any CPU
	EndGlobalSection
	GlobalSection(SolutionProperties) = preSolution
		HideSolutionNode = FALSE
	EndGlobalSection
	GlobalSection(ExtensibilityGlobals) = postSolution
		SolutionGuid = {2F2E81C1-FC75-43CE-851C-84B69016BFAF}
	EndGlobalSection
EndGlobal
