
Microsoft Visual Studio Solution File, Format Version 12.00
# Visual Studio Version 16
VisualStudioVersion = 16.0.32106.194
MinimumVisualStudioVersion = 10.0.40219.1
Project("{FAE04EC0-301F-11D3-BF4B-00C04F79EFBC}") = "Exercise 15", "Exercise 15.csproj", "{D6598DD7-5F30-4E4D-82A8-63DFE28DE47D}"
EndProject
Global
	GlobalSection(SolutionConfigurationPlatforms) = preSolution
		Debug|Any CPU = Debug|Any CPU
		Release|Any CPU = Release|Any CPU
	EndGlobalSection
	GlobalSection(ProjectConfigurationPlatforms) = postSolution
		{D6598DD7-5F30-4E4D-82A8-63DFE28DE47D}.Debug|Any CPU.ActiveCfg = Debug|Any CPU
		{D6598DD7-5F30-4E4D-82A8-63DFE28DE47D}.Debug|Any CPU.Build.0 = Debug|Any CPU
		{D6598DD7-5F30-4E4D-82A8-63DFE28DE47D}.Release|Any CPU.ActiveCfg = Release|Any CPU
		{D6598DD7-5F30-4E4D-82A8-63DFE28DE47D}.Release|Any CPU.Build.0 = Release|Any CPU
	EndGlobalSection
	GlobalSection(SolutionProperties) = preSolution
		HideSolutionNode = FALSE
	EndGlobalSection
	GlobalSection(ExtensibilityGlobals) = postSolution
		SolutionGuid = {3F1BADB1-2748-4DA9-A4A7-1CF55CE52E5B}
	EndGlobalSection
EndGlobal
