
Microsoft Visual Studio Solution File, Format Version 12.00
# Visual Studio Version 17
VisualStudioVersion = 17.0.32126.317
MinimumVisualStudioVersion = 10.0.40219.1
Project("{FAE04EC0-301F-11D3-BF4B-00C04F79EFBC}") = "Exercise 34", "Exercise 34\Exercise 34.csproj", "{6028BFFB-38DD-4DCD-BA8B-6B4D9578AFB9}"
EndProject
Global
	GlobalSection(SolutionConfigurationPlatforms) = preSolution
		Debug|Any CPU = Debug|Any CPU
		Release|Any CPU = Release|Any CPU
	EndGlobalSection
	GlobalSection(ProjectConfigurationPlatforms) = postSolution
		{6028BFFB-38DD-4DCD-BA8B-6B4D9578AFB9}.Debug|Any CPU.ActiveCfg = Debug|Any CPU
		{6028BFFB-38DD-4DCD-BA8B-6B4D9578AFB9}.Debug|Any CPU.Build.0 = Debug|Any CPU
		{6028BFFB-38DD-4DCD-BA8B-6B4D9578AFB9}.Release|Any CPU.ActiveCfg = Release|Any CPU
		{6028BFFB-38DD-4DCD-BA8B-6B4D9578AFB9}.Release|Any CPU.Build.0 = Release|Any CPU
	EndGlobalSection
	GlobalSection(SolutionProperties) = preSolution
		HideSolutionNode = FALSE
	EndGlobalSection
	GlobalSection(ExtensibilityGlobals) = postSolution
		SolutionGuid = {AAAE4712-5E50-4EF0-97FE-ED28D5B6F041}
	EndGlobalSection
EndGlobal
