
Microsoft Visual Studio Solution File, Format Version 12.00
# Visual Studio Version 17
VisualStudioVersion = 17.0.32126.317
MinimumVisualStudioVersion = 10.0.40219.1
Project("{FAE04EC0-301F-11D3-BF4B-00C04F79EFBC}") = "LINQ Lab Pt 1", "LINQ Lab Pt 1\LINQ Lab Pt 1.csproj", "{4DA946E4-2784-4E7D-A104-059B1CEDD7B7}"
EndProject
Global
	GlobalSection(SolutionConfigurationPlatforms) = preSolution
		Debug|Any CPU = Debug|Any CPU
		Release|Any CPU = Release|Any CPU
	EndGlobalSection
	GlobalSection(ProjectConfigurationPlatforms) = postSolution
		{4DA946E4-2784-4E7D-A104-059B1CEDD7B7}.Debug|Any CPU.ActiveCfg = Debug|Any CPU
		{4DA946E4-2784-4E7D-A104-059B1CEDD7B7}.Debug|Any CPU.Build.0 = Debug|Any CPU
		{4DA946E4-2784-4E7D-A104-059B1CEDD7B7}.Release|Any CPU.ActiveCfg = Release|Any CPU
		{4DA946E4-2784-4E7D-A104-059B1CEDD7B7}.Release|Any CPU.Build.0 = Release|Any CPU
	EndGlobalSection
	GlobalSection(SolutionProperties) = preSolution
		HideSolutionNode = FALSE
	EndGlobalSection
	GlobalSection(ExtensibilityGlobals) = postSolution
		SolutionGuid = {6BB6E294-EB18-4887-BDB9-F156D9F710EC}
	EndGlobalSection
EndGlobal
