
Microsoft Visual Studio Solution File, Format Version 12.00
# Visual Studio Version 16
VisualStudioVersion = 16.0.32106.194
MinimumVisualStudioVersion = 10.0.40219.1
Project("{FAE04EC0-301F-11D3-BF4B-00C04F79EFBC}") = "Exercise 12", "Exercise 12.csproj", "{BD1827D5-086E-4CEA-92C2-3717ECA67985}"
EndProject
Global
	GlobalSection(SolutionConfigurationPlatforms) = preSolution
		Debug|Any CPU = Debug|Any CPU
		Release|Any CPU = Release|Any CPU
	EndGlobalSection
	GlobalSection(ProjectConfigurationPlatforms) = postSolution
		{BD1827D5-086E-4CEA-92C2-3717ECA67985}.Debug|Any CPU.ActiveCfg = Debug|Any CPU
		{BD1827D5-086E-4CEA-92C2-3717ECA67985}.Debug|Any CPU.Build.0 = Debug|Any CPU
		{BD1827D5-086E-4CEA-92C2-3717ECA67985}.Release|Any CPU.ActiveCfg = Release|Any CPU
		{BD1827D5-086E-4CEA-92C2-3717ECA67985}.Release|Any CPU.Build.0 = Release|Any CPU
	EndGlobalSection
	GlobalSection(SolutionProperties) = preSolution
		HideSolutionNode = FALSE
	EndGlobalSection
	GlobalSection(ExtensibilityGlobals) = postSolution
		SolutionGuid = {2F8A8FD5-1201-46E0-B724-7D0D7F9C8F97}
	EndGlobalSection
EndGlobal
