
Microsoft Visual Studio Solution File, Format Version 12.00
# Visual Studio Version 17
VisualStudioVersion = 17.0.32126.317
MinimumVisualStudioVersion = 10.0.40219.1
Project("{FAE04EC0-301F-11D3-BF4B-00C04F79EFBC}") = "Exercise 44 (Calculate Midpoint)", "Exercise 44 (Calculate Midpoint)\Exercise 44 (Calculate Midpoint).csproj", "{9243218E-BAAC-4C7C-9E46-F1890372BFFB}"
EndProject
Global
	GlobalSection(SolutionConfigurationPlatforms) = preSolution
		Debug|Any CPU = Debug|Any CPU
		Release|Any CPU = Release|Any CPU
	EndGlobalSection
	GlobalSection(ProjectConfigurationPlatforms) = postSolution
		{9243218E-BAAC-4C7C-9E46-F1890372BFFB}.Debug|Any CPU.ActiveCfg = Debug|Any CPU
		{9243218E-BAAC-4C7C-9E46-F1890372BFFB}.Debug|Any CPU.Build.0 = Debug|Any CPU
		{9243218E-BAAC-4C7C-9E46-F1890372BFFB}.Release|Any CPU.ActiveCfg = Release|Any CPU
		{9243218E-BAAC-4C7C-9E46-F1890372BFFB}.Release|Any CPU.Build.0 = Release|Any CPU
	EndGlobalSection
	GlobalSection(SolutionProperties) = preSolution
		HideSolutionNode = FALSE
	EndGlobalSection
	GlobalSection(ExtensibilityGlobals) = postSolution
		SolutionGuid = {4A6069A0-DB1F-4FD7-8ED2-940053F40669}
	EndGlobalSection
EndGlobal
