
Microsoft Visual Studio Solution File, Format Version 12.00
# Visual Studio Version 17
VisualStudioVersion = 17.0.32126.317
MinimumVisualStudioVersion = 10.0.40219.1
Project("{FAE04EC0-301F-11D3-BF4B-00C04F79EFBC}") = "Exercise 42 (Point Class)", "Exercise 42 (Point Class)\Exercise 42 (Point Class).csproj", "{2E12C0AC-4478-47D5-ABC8-93555CD8A2BD}"
EndProject
Global
	GlobalSection(SolutionConfigurationPlatforms) = preSolution
		Debug|Any CPU = Debug|Any CPU
		Release|Any CPU = Release|Any CPU
	EndGlobalSection
	GlobalSection(ProjectConfigurationPlatforms) = postSolution
		{2E12C0AC-4478-47D5-ABC8-93555CD8A2BD}.Debug|Any CPU.ActiveCfg = Debug|Any CPU
		{2E12C0AC-4478-47D5-ABC8-93555CD8A2BD}.Debug|Any CPU.Build.0 = Debug|Any CPU
		{2E12C0AC-4478-47D5-ABC8-93555CD8A2BD}.Release|Any CPU.ActiveCfg = Release|Any CPU
		{2E12C0AC-4478-47D5-ABC8-93555CD8A2BD}.Release|Any CPU.Build.0 = Release|Any CPU
	EndGlobalSection
	GlobalSection(SolutionProperties) = preSolution
		HideSolutionNode = FALSE
	EndGlobalSection
	GlobalSection(ExtensibilityGlobals) = postSolution
		SolutionGuid = {3C6A94C4-C553-42FA-AA52-F9995A0ED2BE}
	EndGlobalSection
EndGlobal
