
Microsoft Visual Studio Solution File, Format Version 12.00
# Visual Studio Version 17
VisualStudioVersion = 17.0.32126.317
MinimumVisualStudioVersion = 10.0.40219.1
Project("{FAE04EC0-301F-11D3-BF4B-00C04F79EFBC}") = "Exercise 45 (Square Class)", "Exercise 45 (Square Class)\Exercise 45 (Square Class).csproj", "{DA427E9B-D95A-444A-B524-0C4B7D01B89E}"
EndProject
Global
	GlobalSection(SolutionConfigurationPlatforms) = preSolution
		Debug|Any CPU = Debug|Any CPU
		Release|Any CPU = Release|Any CPU
	EndGlobalSection
	GlobalSection(ProjectConfigurationPlatforms) = postSolution
		{DA427E9B-D95A-444A-B524-0C4B7D01B89E}.Debug|Any CPU.ActiveCfg = Debug|Any CPU
		{DA427E9B-D95A-444A-B524-0C4B7D01B89E}.Debug|Any CPU.Build.0 = Debug|Any CPU
		{DA427E9B-D95A-444A-B524-0C4B7D01B89E}.Release|Any CPU.ActiveCfg = Release|Any CPU
		{DA427E9B-D95A-444A-B524-0C4B7D01B89E}.Release|Any CPU.Build.0 = Release|Any CPU
	EndGlobalSection
	GlobalSection(SolutionProperties) = preSolution
		HideSolutionNode = FALSE
	EndGlobalSection
	GlobalSection(ExtensibilityGlobals) = postSolution
		SolutionGuid = {A0ED6D7F-5142-4E4C-A7D9-8A68147B034F}
	EndGlobalSection
EndGlobal
