
Microsoft Visual Studio Solution File, Format Version 12.00
# Visual Studio Version 17
VisualStudioVersion = 17.0.32126.317
MinimumVisualStudioVersion = 10.0.40219.1
Project("{FAE04EC0-301F-11D3-BF4B-00C04F79EFBC}") = "CodeWars Narcissistic", "CodeWars Narcissistic\CodeWars Narcissistic.csproj", "{FD1E18F4-289E-4DA8-916D-9B409B953CA8}"
EndProject
Global
	GlobalSection(SolutionConfigurationPlatforms) = preSolution
		Debug|Any CPU = Debug|Any CPU
		Release|Any CPU = Release|Any CPU
	EndGlobalSection
	GlobalSection(ProjectConfigurationPlatforms) = postSolution
		{FD1E18F4-289E-4DA8-916D-9B409B953CA8}.Debug|Any CPU.ActiveCfg = Debug|Any CPU
		{FD1E18F4-289E-4DA8-916D-9B409B953CA8}.Debug|Any CPU.Build.0 = Debug|Any CPU
		{FD1E18F4-289E-4DA8-916D-9B409B953CA8}.Release|Any CPU.ActiveCfg = Release|Any CPU
		{FD1E18F4-289E-4DA8-916D-9B409B953CA8}.Release|Any CPU.Build.0 = Release|Any CPU
	EndGlobalSection
	GlobalSection(SolutionProperties) = preSolution
		HideSolutionNode = FALSE
	EndGlobalSection
	GlobalSection(ExtensibilityGlobals) = postSolution
		SolutionGuid = {48794158-64E8-400B-B794-A1198F54883B}
	EndGlobalSection
EndGlobal
