
Microsoft Visual Studio Solution File, Format Version 12.00
# Visual Studio Version 17
VisualStudioVersion = 17.0.32126.317
MinimumVisualStudioVersion = 10.0.40219.1
Project("{FAE04EC0-301F-11D3-BF4B-00C04F79EFBC}") = "Exercise 51", "Exercise 51\Exercise 51.csproj", "{40075D82-8DE9-4054-8453-DF28280B7712}"
EndProject
Global
	GlobalSection(SolutionConfigurationPlatforms) = preSolution
		Debug|Any CPU = Debug|Any CPU
		Release|Any CPU = Release|Any CPU
	EndGlobalSection
	GlobalSection(ProjectConfigurationPlatforms) = postSolution
		{40075D82-8DE9-4054-8453-DF28280B7712}.Debug|Any CPU.ActiveCfg = Debug|Any CPU
		{40075D82-8DE9-4054-8453-DF28280B7712}.Debug|Any CPU.Build.0 = Debug|Any CPU
		{40075D82-8DE9-4054-8453-DF28280B7712}.Release|Any CPU.ActiveCfg = Release|Any CPU
		{40075D82-8DE9-4054-8453-DF28280B7712}.Release|Any CPU.Build.0 = Release|Any CPU
	EndGlobalSection
	GlobalSection(SolutionProperties) = preSolution
		HideSolutionNode = FALSE
	EndGlobalSection
	GlobalSection(ExtensibilityGlobals) = postSolution
		SolutionGuid = {196C9D3B-E30E-42D6-BC14-9166779C4713}
	EndGlobalSection
EndGlobal
